
Microsoft Visual Studio Solution File, Format Version 12.00
# Visual Studio Version 17
VisualStudioVersion = 17.10.35122.118
MinimumVisualStudioVersion = 10.0.40219.1
Project("{F184B08F-C81C-45F6-A57F-5ABD9991F28F}") = "Ubat Tracker V0.0", "Ubat Tracker V0.0.vbproj", "{29B4C018-6E2E-4602-98FD-D4DB98DC0666}"
EndProject
Global
	GlobalSection(SolutionConfigurationPlatforms) = preSolution
		Debug|Any CPU = Debug|Any CPU
		Release|Any CPU = Release|Any CPU
	EndGlobalSection
	GlobalSection(ProjectConfigurationPlatforms) = postSolution
		{29B4C018-6E2E-4602-98FD-D4DB98DC0666}.Debug|Any CPU.ActiveCfg = Debug|Any CPU
		{29B4C018-6E2E-4602-98FD-D4DB98DC0666}.Debug|Any CPU.Build.0 = Debug|Any CPU
		{29B4C018-6E2E-4602-98FD-D4DB98DC0666}.Release|Any CPU.ActiveCfg = Release|Any CPU
		{29B4C018-6E2E-4602-98FD-D4DB98DC0666}.Release|Any CPU.Build.0 = Release|Any CPU
	EndGlobalSection
	GlobalSection(SolutionProperties) = preSolution
		HideSolutionNode = FALSE
	EndGlobalSection
	GlobalSection(ExtensibilityGlobals) = postSolution
		SolutionGuid = {0FF6FFCF-37B6-4B93-91B8-ECCA451893EF}
	EndGlobalSection
EndGlobal
